
Microsoft Visual Studio Solution File, Format Version 12.00
# Visual Studio Version 16
VisualStudioVersion = 16.0.31205.134
MinimumVisualStudioVersion = 10.0.40219.1
Project("{FAE04EC0-301F-11D3-BF4B-00C04F79EFBC}") = "BuildCompany", "BuildCompany\BuildCompany.csproj", "{024E4120-BEE8-4659-BDF2-745013A5D8CA}"
EndProject
Global
	GlobalSection(SolutionConfigurationPlatforms) = preSolution
		Debug|Any CPU = Debug|Any CPU
		Release|Any CPU = Release|Any CPU
	EndGlobalSection
	GlobalSection(ProjectConfigurationPlatforms) = postSolution
		{024E4120-BEE8-4659-BDF2-745013A5D8CA}.Debug|Any CPU.ActiveCfg = Debug|Any CPU
		{024E4120-BEE8-4659-BDF2-745013A5D8CA}.Debug|Any CPU.Build.0 = Debug|Any CPU
		{024E4120-BEE8-4659-BDF2-745013A5D8CA}.Release|Any CPU.ActiveCfg = Release|Any CPU
		{024E4120-BEE8-4659-BDF2-745013A5D8CA}.Release|Any CPU.Build.0 = Release|Any CPU
	EndGlobalSection
	GlobalSection(SolutionProperties) = preSolution
		HideSolutionNode = FALSE
	EndGlobalSection
	GlobalSection(ExtensibilityGlobals) = postSolution
		SolutionGuid = {902046EC-4AE6-4000-A7E0-F8E5990666A6}
	EndGlobalSection
EndGlobal
